// !$*UTF8*$!
{
	archiveVersion = 1;
	classes = {
	};
	objectVersion = 46;
	objects = {

/* Begin PBXBuildFile section */
		BE20EA021DE46937005E59B6 /* AppDelegate.swift in Sources */ = {isa = PBXBuildFile; fileRef = BE20EA011DE46937005E59B6 /* AppDelegate.swift */; };
		BE20EA041DE46937005E59B6 /* ViewController.swift in Sources */ = {isa = PBXBuildFile; fileRef = BE20EA031DE46937005E59B6 /* ViewController.swift */; };
		BE20EA071DE46937005E59B6 /* Main.storyboard in Resources */ = {isa = PBXBuildFile; fileRef = BE20EA051DE46937005E59B6 /* Main.storyboard */; };
		BE20EA0A1DE46937005E59B6 /* Test.xcdatamodeld in Sources */ = {isa = PBXBuildFile; fileRef = BE20EA081DE46937005E59B6 /* Test.xcdatamodeld */; };
		BE20EA0C1DE46937005E59B6 /* Assets.xcassets in Resources */ = {isa = PBXBuildFile; fileRef = BE20EA0B1DE46937005E59B6 /* Assets.xcassets */; };
		BE20EA0F1DE46937005E59B6 /* LaunchScreen.storyboard in Resources */ = {isa = PBXBuildFile; fileRef = BE20EA0D1DE46937005E59B6 /* LaunchScreen.storyboard */; };
/* End PBXBuildFile section */

/* Begin PBXFileReference section */
		BE20E9FE1DE46937005E59B6 /* Test.app */ = {isa = PBXFileReference; explicitFileType = wrapper.application; includeInIndex = 0; path = Test.app; sourceTree = BUILT_PRODUCTS_DIR; };
		BE20EA011DE46937005E59B6 /* AppDelegate.swift */ = {isa = PBXFileReference; lastKnownFileType = sourcecode.swift; path = AppDelegate.swift; sourceTree = "<group>"; };
		BE20EA031DE46937005E59B6 /* ViewController.swift */ = {isa = PBXFileReference; lastKnownFileType = sourcecode.swift; path = ViewController.swift; sourceTree = "<group>"; };
		BE20EA061DE46937005E59B6 /* Base */ = {isa = PBXFileReference; lastKnownFileType = file.storyboard; name = Base; path = Base.lproj/Main.storyboard; sourceTree = "<group>"; };
		BE20EA091DE46937005E59B6 /* Test.xcdatamodel */ = {isa = PBXFileReference; lastKnownFileType = wrapper.xcdatamodel; path = Test.xcdatamodel; sourceTree = "<group>"; };
		BE20EA0B1DE46937005E59B6 /* Assets.xcassets */ = {isa = PBXFileReference; lastKnownFileType = folder.assetcatalog; path = Assets.xcassets; sourceTree = "<group>"; };
		BE20EA0E1DE46937005E59B6 /* Base */ = {isa = PBXFileReference; lastKnownFileType = file.storyboard; name = Base; path = Base.lproj/LaunchScreen.storyboard; sourceTree = "<group>"; };
		BE20EA101DE46937005E59B6 /* Info.plist */ = {isa = PBXFileReference; lastKnownFileType = text.plist.xml; path = Info.plist; sourceTree = "<group>"; };
/* End PBXFileReference section */

/* Begin PBXFrameworksBuildPhase section */
		BE20E9FB1DE46937005E59B6 /* Frameworks */ = {
			isa = PBXFrameworksBuildPhase;
			buildActionMask = 2147483647;
			files = (
			);
			runOnlyForDeploymentPostprocessing = 0;
		};
/* End PBXFrameworksBuildPhase section */

/* Begin PBXGroup section */
		BE20E9F51DE46936005E59B6 = {
			isa = PBXGroup;
			children = (
				BE20EA001DE46937005E59B6 /* Test */,
				BE20E9FF1DE46937005E59B6 /* Products */,
			);
			sourceTree = "<group>";
		};
		BE20E9FF1DE46937005E59B6 /* Products */ = {
			isa = PBXGroup;
			children = (
				BE20E9FE1DE46937005E59B6 /* Test.app */,
			);
			name = Products;
			sourceTree = "<group>";
		};
		BE20EA001DE46937005E59B6 /* Test */ = {
			isa = PBXGroup;
			children = (
				BE20EA011DE46937005E59B6 /* AppDelegate.swift */,
				BE20EA031DE46937005E59B6 /* ViewController.swift */,
				BE20EA051DE46937005E59B6 /* Main.storyboard */,
				BE20EA0B1DE46937005E59B6 /* Assets.xcassets */,
				BE20EA0D1DE46937005E59B6 /* LaunchScreen.storyboard */,
				BE20EA101DE46937005E59B6 /* Info.plist */,
				BE20EA081DE46937005E59B6 /* Test.xcdatamodeld */,
			);
			path = Test;
			sourceTree = "<group>";
		};
/* End PBXGroup section */

/* Begin PBXNativeTarget section */
		BE20E9FD1DE46937005E59B6 /* Test */ = {
			isa = PBXNativeTarget;
			buildConfigurationList = BE20EA131DE46937005E59B6 /* Build configuration list for PBXNativeTarget "Test" */;
			buildPhases = (
				BE20E9FA1DE46937005E59B6 /* Sources */,
				BE20E9FB1DE46937005E59B6 /* Frameworks */,
				BE20E9FC1DE46937005E59B6 /* Resources */,
			);
			buildRules = (
			);
			dependencies = (
			);
			name = Test;
			productName = Test;
			productReference = BE20E9FE1DE46937005E59B6 /* Test.app */;
			productType = "com.apple.product-type.application";
		};
/* End PBXNativeTarget section */

/* Begin PBXProject section */
		BE20E9F61DE46936005E59B6 /* Project object */ = {
			isa = PBXProject;
			attributes = {
				LastSwiftUpdateCheck = 0800;
				LastUpgradeCheck = 0800;
				ORGANIZATIONNAME = "Jep Xia";
				TargetAttributes = {
					BE20E9FD1DE46937005E59B6 = {
						CreatedOnToolsVersion = 8.0;
						DevelopmentTeam = 8TAEZXHB8K;
						ProvisioningStyle = Automatic;
					};
				};
			};
			buildConfigurationList = BE20E9F91DE46936005E59B6 /* Build configuration list for PBXProject "Test" */;
			compatibilityVersion = "Xcode 3.2";
			developmentRegion = English;
			hasScannedForEncodings = 0;
			knownRegions = (
				en,
				Base,
			);
			mainGroup = BE20E9F51DE46936005E59B6;
			productRefGroup = BE20E9FF1DE46937005E59B6 /* Products */;
			projectDirPath = "";
			projectRoot = "";
			targets = (
				BE20E9FD1DE46937005E59B6 /* Test */,
			);
		};
/* End PBXProject section */

/* Begin PBXResourcesBuildPhase section */
		BE20E9FC1DE46937005E59B6 /* Resources */ = {
			isa = PBXResourcesBuildPhase;
			buildActionMask = 2147483647;
			files = (
				BE20EA0F1DE46937005E59B6 /* LaunchScreen.storyboard in Resources */,
				BE20EA0C1DE46937005E59B6 /* Assets.xcassets in Resources */,
				BE20EA071DE46937005E59B6 /* Main.storyboard in Resources */,
			);
			runOnlyForDeploymentPostprocessing = 0;
		};
/* End PBXResourcesBuildPhase section */

/* Begin PBXSourcesBuildPhase section */
		BE20E9FA1DE46937005E59B6 /* Sources */ = {
			isa = PBXSourcesBuildPhase;
			buildActionMask = 2147483647;
			files = (
				BE20EA041DE46937005E59B6 /* ViewController.swift in Sources */,
				BE20EA021DE46937005E59B6 /* AppDelegate.swift in Sources */,
				BE20EA0A1DE46937005E59B6 /* Test.xcdatamodeld in Sources */,
			);
			runOnlyForDeploymentPostprocessing = 0;
		};
/* End PBXSourcesBuildPhase section */

/* Begin PBXVariantGroup section */
		BE20EA051DE46937005E59B6 /* Main.storyboard */ = {
			isa = PBXVariantGroup;
			children = (
				BE20EA061DE46937005E59B6 /* Base */,
			);
			name = Main.storyboard;
			sourceTree = "<group>";
		};
		BE20EA0D1DE46937005E59B6 /* LaunchScreen.storyboard */ = {
			isa = PBXVariantGroup;
			children = (
				BE20EA0E1DE46937005E59B6 /* Base */,
			);
			name = LaunchScreen.storyboard;
			sourceTree = "<group>";
		};
/* End PBXVariantGroup section */

/* Begin XCBuildConfiguration section */
		BE20EA111DE46937005E59B6 /* Debug */ = {
			isa = XCBuildConfiguration;
			buildSettings = {
				ALWAYS_SEARCH_USER_PATHS = NO;
				CLANG_ANALYZER_NONNULL = YES;
				CLANG_CXX_LANGUAGE_STANDARD = "gnu++0x";
				CLANG_CXX_LIBRARY = "libc++";
				CLANG_ENABLE_MODULES = YES;
				CLANG_ENABLE_OBJC_ARC = YES;
				CLANG_WARN_BOOL_CONVERSION = YES;
				CLANG_WARN_CONSTANT_CONVERSION = YES;
				CLANG_WARN_DIRECT_OBJC_ISA_USAGE = YES_ERROR;
				CLANG_WARN_DOCUMENTATION_COMMENTS = YES;
				CLANG_WARN_EMPTY_BODY = YES;
				CLANG_WARN_ENUM_CONVERSION = YES;
				CLANG_WARN_INFINITE_RECURSION = YES;
				CLANG_WARN_INT_CONVERSION = YES;
				CLANG_WARN_OBJC_ROOT_CLASS = YES_ERROR;
				CLANG_WARN_SUSPICIOUS_MOVES = YES;
				CLANG_WARN_UNREACHABLE_CODE = YES;
				CLANG_WARN__DUPLICATE_METHOD_MATCH = YES;
				"CODE_SIGN_IDENTITY[sdk=iphoneos*]" = "iPhone Developer";
				COPY_PHASE_STRIP = NO;
				DEBUG_INFORMATION_FORMAT = dwarf;
				ENABLE_STRICT_OBJC_MSGSEND = YES;
				ENABLE_TESTABILITY = YES;
				GCC_C_LANGUAGE_STANDARD = gnu99;
				GCC_DYNAMIC_NO_PIC = NO;
				GCC_NO_COMMON_BLOCKS = YES;
				GCC_OPTIMIZATION_LEVEL = 0;
				GCC_PREPROCESSOR_DEFINITIONS = (
					"DEBUG=1",
					"$(inherited)",
				);
				GCC_WARN_64_TO_32_BIT_CONVERSION = YES;
				GCC_WARN_ABOUT_RETURN_TYPE = YES_ERROR;
				GCC_WARN_UNDECLARED_SELECTOR = YES;
				GCC_WARN_UNINITIALIZED_AUTOS = YES_AGGRESSIVE;
				GCC_WARN_UNUSED_FUNCTION = YES;
				GCC_WARN_UNUSED_VARIABLE = YES;
				IPHONEOS_DEPLOYMENT_TARGET = 10.0;
				MTL_ENABLE_DEBUG_INFO = YES;
				ONLY_ACTIVE_ARCH = YES;
				SDKROOT = iphoneos;
				SWIFT_ACTIVE_COMPILATION_CONDITIONS = DEBUG;
				SWIFT_OPTIMIZATION_LEVEL = "-Onone";
				TARGETED_DEVICE_FAMILY = "1,2";
			};
			name = Debug;
		};
		BE20EA121DE46937005E59B6 /* Release */ = {
			isa = XCBuildConfiguration;
			buildSettings = {
				ALWAYS_SEARCH_USER_PATHS = NO;
				CLANG_ANALYZER_NONNULL = YES;
				CLANG_CXX_LANGUAGE_STANDARD = "gnu++0x";
				CLANG_CXX_LIBRARY = "libc++";
				CLANG_ENABLE_MODULES = YES;
				CLANG_ENABLE_OBJC_ARC = YES;
				CLANG_WARN_BOOL_CONVERSION = YES;
				CLANG_WARN_CONSTANT_CONVERSION = YES;
				CLANG_WARN_DIRECT_OBJC_ISA_USAGE = YES_ERROR;
				CLANG_WARN_DOCUMENTATION_COMMENTS = YES;
				CLANG_WARN_EMPTY_BODY = YES;
				CLANG_WARN_ENUM_CONVERSION = YES;
				CLANG_WARN_INFINITE_RECURSION = YES;
				CLANG_WARN_INT_CONVERSION = YES;
				CLANG_WARN_OBJC_ROOT_CLASS = YES_ERROR;
				CLANG_WARN_SUSPICIOUS_MOVES = YES;
				CLANG_WARN_UNREACHABLE_CODE = YES;
				CLANG_WARN__DUPLICATE_METHOD_MATCH = YES;
				"CODE_SIGN_IDENTITY[sdk=iphoneos*]" = "iPhone Developer";
				COPY_PHASE_STRIP = NO;
				DEBUG_INFORMATION_FORMAT = "dwarf-with-dsym";
				ENABLE_NS_ASSERTIONS = NO;
				ENABLE_STRICT_OBJC_MSGSEND = YES;
				GCC_C_LANGUAGE_STANDARD = gnu99;
				GCC_NO_COMMON_BLOCKS = YES;
				GCC_WARN_64_TO_32_BIT_CONVERSION = YES;
				GCC_WARN_ABOUT_RETURN_TYPE = YES_ERROR;
				GCC_WARN_UNDECLARED_SELECTOR = YES;
				GCC_WARN_UNINITIALIZED_AUTOS = YES_AGGRESSIVE;
				GCC_WARN_UNUSED_FUNCTION = YES;
				GCC_WARN_UNUSED_VARIABLE = YES;
				IPHONEOS_DEPLOYMENT_TARGET = 10.0;
				MTL_ENABLE_DEBUG_INFO = NO;
				SDKROOT = iphoneos;
				SWIFT_OPTIMIZATION_LEVEL = "-Owholemodule";
				TARGETED_DEVICE_FAMILY = "1,2";
				VALIDATE_PRODUCT = YES;
			};
			name = Release;
		};
		BE20EA141DE46937005E59B6 /* Debug */ = {
			isa = XCBuildConfiguration;
			buildSettings = {
				ASSETCATALOG_COMPILER_APPICON_NAME = AppIcon;
				DEVELOPMENT_TEAM = 8TAEZXHB8K;
				INFOPLIST_FILE = Test/Info.plist;
				LD_RUNPATH_SEARCH_PATHS = "$(inherited) @executable_path/Frameworks";
				PRODUCT_BUNDLE_IDENTIFIER = "Jep-.Test";
				PRODUCT_NAME = "$(TARGET_NAME)";
				SWIFT_VERSION = 3.0;
			};
			name = Debug;
		};
		BE20EA151DE46937005E59B6 /* Release */ = {
			isa = XCBuildConfiguration;
			buildSettings = {
				ASSETCATALOG_COMPILER_APPICON_NAME = AppIcon;
				DEVELOPMENT_TEAM = 8TAEZXHB8K;
				INFOPLIST_FILE = Test/Info.plist;
				LD_RUNPATH_SEARCH_PATHS = "$(inherited) @executable_path/Frameworks";
				PRODUCT_BUNDLE_IDENTIFIER = "Jep-.Test";
				PRODUCT_NAME = "$(TARGET_NAME)";
				SWIFT_VERSION = 3.0;
			};
			name = Release;
		};
/* End XCBuildConfiguration section */

/* Begin XCConfigurationList section */
		BE20E9F91DE46936005E59B6 /* Build configuration list for PBXProject "Test" */ = {
			isa = XCConfigurationList;
			buildConfigurations = (
				BE20EA111DE46937005E59B6 /* Debug */,
				BE20EA121DE46937005E59B6 /* Release */,
			);
			defaultConfigurationIsVisible = 0;
			defaultConfigurationName = Release;
		};
		BE20EA131DE46937005E59B6 /* Build configuration list for PBXNativeTarget "Test" */ = {
			isa = XCConfigurationList;
			buildConfigurations = (
				BE20EA141DE46937005E59B6 /* Debug */,
				BE20EA151DE46937005E59B6 /* Release */,
			);
			defaultConfigurationIsVisible = 0;
		};
/* End XCConfigurationList section */

/* Begin XCVersionGroup section */
		BE20EA081DE46937005E59B6 /* Test.xcdatamodeld */ = {
			isa = XCVersionGroup;
			children = (
				BE20EA091DE46937005E59B6 /* Test.xcdatamodel */,
			);
			currentVersion = BE20EA091DE46937005E59B6 /* Test.xcdatamodel */;
			path = Test.xcdatamodeld;
			sourceTree = "<group>";
			versionGroupType = wrapper.xcdatamodel;
		};
/* End XCVersionGroup section */
	};
	rootObject = BE20E9F61DE46936005E59B6 /* Project object */;
}
